
Microsoft Visual Studio Solution File, Format Version 12.00
# Visual Studio 2015
Project("{FAE04EC0-301F-11D3-BF4B-00C04F79EFBC}") = "PsychedeSheep.CSharp.Plugins", "PsychedeSheep.CSharp.Plugins.csproj", "{0F2BDB56-3794-EE18-BF82-57513E969FE5}"
EndProject
Project("{FAE04EC0-301F-11D3-BF4B-00C04F79EFBC}") = "PsychedeSheep.CSharp", "PsychedeSheep.CSharp.csproj", "{7029AF98-B598-5F21-B045-ED473BBB004C}"
EndProject
Project("{FAE04EC0-301F-11D3-BF4B-00C04F79EFBC}") = "PsychedeSheep.CSharp.Editor.Plugins", "PsychedeSheep.CSharp.Editor.Plugins.csproj", "{3C441A85-7E7D-70D3-7A53-87677DD58B95}"
EndProject
Project("{FAE04EC0-301F-11D3-BF4B-00C04F79EFBC}") = "PsychedeSheep.CSharp.Editor", "PsychedeSheep.CSharp.Editor.csproj", "{905D389D-9989-BD04-CD0A-600FF3F9FCFA}"
EndProject
Global
	GlobalSection(SolutionConfigurationPlatforms) = preSolution
		Debug|Any CPU = Debug|Any CPU
		Release|Any CPU = Release|Any CPU
	EndGlobalSection
	GlobalSection(ProjectConfigurationPlatforms) = postSolution
		{0F2BDB56-3794-EE18-BF82-57513E969FE5}.Debug|Any CPU.ActiveCfg = Debug|Any CPU
		{0F2BDB56-3794-EE18-BF82-57513E969FE5}.Debug|Any CPU.Build.0 = Debug|Any CPU
		{0F2BDB56-3794-EE18-BF82-57513E969FE5}.Release|Any CPU.ActiveCfg = Release|Any CPU
		{0F2BDB56-3794-EE18-BF82-57513E969FE5}.Release|Any CPU.Build.0 = Release|Any CPU
		{7029AF98-B598-5F21-B045-ED473BBB004C}.Debug|Any CPU.ActiveCfg = Debug|Any CPU
		{7029AF98-B598-5F21-B045-ED473BBB004C}.Debug|Any CPU.Build.0 = Debug|Any CPU
		{7029AF98-B598-5F21-B045-ED473BBB004C}.Release|Any CPU.ActiveCfg = Release|Any CPU
		{7029AF98-B598-5F21-B045-ED473BBB004C}.Release|Any CPU.Build.0 = Release|Any CPU
		{3C441A85-7E7D-70D3-7A53-87677DD58B95}.Debug|Any CPU.ActiveCfg = Debug|Any CPU
		{3C441A85-7E7D-70D3-7A53-87677DD58B95}.Debug|Any CPU.Build.0 = Debug|Any CPU
		{3C441A85-7E7D-70D3-7A53-87677DD58B95}.Release|Any CPU.ActiveCfg = Release|Any CPU
		{3C441A85-7E7D-70D3-7A53-87677DD58B95}.Release|Any CPU.Build.0 = Release|Any CPU
		{905D389D-9989-BD04-CD0A-600FF3F9FCFA}.Debug|Any CPU.ActiveCfg = Debug|Any CPU
		{905D389D-9989-BD04-CD0A-600FF3F9FCFA}.Debug|Any CPU.Build.0 = Debug|Any CPU
		{905D389D-9989-BD04-CD0A-600FF3F9FCFA}.Release|Any CPU.ActiveCfg = Release|Any CPU
		{905D389D-9989-BD04-CD0A-600FF3F9FCFA}.Release|Any CPU.Build.0 = Release|Any CPU
	EndGlobalSection
	GlobalSection(SolutionProperties) = preSolution
		HideSolutionNode = FALSE
	EndGlobalSection
EndGlobal
